
Microsoft Visual Studio Solution File, Format Version 12.00
# Visual Studio Version 16
VisualStudioVersion = 16.0.31911.196
MinimumVisualStudioVersion = 10.0.40219.1
Project("{FAE04EC0-301F-11D3-BF4B-00C04F79EFBC}") = "api", "api\api.csproj", "{AFEF2934-7F5E-456A-91A9-22976B2EE66F}"
EndProject
Project("{FAE04EC0-301F-11D3-BF4B-00C04F79EFBC}") = "client", "client\client.csproj", "{96D177E9-935B-4197-B68A-B49CE3E2DAF2}"
EndProject
Project("{FAE04EC0-301F-11D3-BF4B-00C04F79EFBC}") = "Models", "Models\Models.csproj", "{2134162D-9FE6-4A81-A09D-7D9E83D017C3}"
EndProject
Global
	GlobalSection(SolutionConfigurationPlatforms) = preSolution
		Debug|Any CPU = Debug|Any CPU
		Release|Any CPU = Release|Any CPU
	EndGlobalSection
	GlobalSection(ProjectConfigurationPlatforms) = postSolution
		{AFEF2934-7F5E-456A-91A9-22976B2EE66F}.Debug|Any CPU.ActiveCfg = Debug|Any CPU
		{AFEF2934-7F5E-456A-91A9-22976B2EE66F}.Debug|Any CPU.Build.0 = Debug|Any CPU
		{AFEF2934-7F5E-456A-91A9-22976B2EE66F}.Release|Any CPU.ActiveCfg = Release|Any CPU
		{AFEF2934-7F5E-456A-91A9-22976B2EE66F}.Release|Any CPU.Build.0 = Release|Any CPU
		{96D177E9-935B-4197-B68A-B49CE3E2DAF2}.Debug|Any CPU.ActiveCfg = Debug|Any CPU
		{96D177E9-935B-4197-B68A-B49CE3E2DAF2}.Debug|Any CPU.Build.0 = Debug|Any CPU
		{96D177E9-935B-4197-B68A-B49CE3E2DAF2}.Release|Any CPU.ActiveCfg = Release|Any CPU
		{96D177E9-935B-4197-B68A-B49CE3E2DAF2}.Release|Any CPU.Build.0 = Release|Any CPU
		{2134162D-9FE6-4A81-A09D-7D9E83D017C3}.Debug|Any CPU.ActiveCfg = Debug|Any CPU
		{2134162D-9FE6-4A81-A09D-7D9E83D017C3}.Debug|Any CPU.Build.0 = Debug|Any CPU
		{2134162D-9FE6-4A81-A09D-7D9E83D017C3}.Release|Any CPU.ActiveCfg = Release|Any CPU
		{2134162D-9FE6-4A81-A09D-7D9E83D017C3}.Release|Any CPU.Build.0 = Release|Any CPU
	EndGlobalSection
	GlobalSection(SolutionProperties) = preSolution
		HideSolutionNode = FALSE
	EndGlobalSection
	GlobalSection(ExtensibilityGlobals) = postSolution
		SolutionGuid = {1EC2280E-010F-4F5A-9BFD-D4D0ED62524B}
	EndGlobalSection
EndGlobal
